
Microsoft Visual Studio Solution File, Format Version 12.00
# Visual Studio Version 17
VisualStudioVersion = 17.8.34309.116
MinimumVisualStudioVersion = 10.0.40219.1
Project("{9A19103F-16F7-4668-BE54-9A1E7A4F7556}") = "ScoreboardLiveApiExample", "ScoreboardLiveApiExample\ScoreboardLiveApiExample.csproj", "{D067C4D1-FF71-470C-BF8E-0931503BFD0F}"
EndProject
Project("{9A19103F-16F7-4668-BE54-9A1E7A4F7556}") = "ScoreboardLiveApi", "ScoreboardApiLib\ScoreboardLiveApi.csproj", "{3DF52F05-971F-41FA-829C-7B2C4831C843}"
EndProject
Project("{FAE04EC0-301F-11D3-BF4B-00C04F79EFBC}") = "ScoreboardApiTest", "ScoreboardApiTest\ScoreboardApiTest.csproj", "{0B0705AA-006C-4F11-BE00-8E2456843719}"
EndProject
Global
	GlobalSection(SolutionConfigurationPlatforms) = preSolution
		Debug|Any CPU = Debug|Any CPU
		Release|Any CPU = Release|Any CPU
	EndGlobalSection
	GlobalSection(ProjectConfigurationPlatforms) = postSolution
		{D067C4D1-FF71-470C-BF8E-0931503BFD0F}.Debug|Any CPU.ActiveCfg = Debug|Any CPU
		{D067C4D1-FF71-470C-BF8E-0931503BFD0F}.Debug|Any CPU.Build.0 = Debug|Any CPU
		{D067C4D1-FF71-470C-BF8E-0931503BFD0F}.Release|Any CPU.ActiveCfg = Release|Any CPU
		{D067C4D1-FF71-470C-BF8E-0931503BFD0F}.Release|Any CPU.Build.0 = Release|Any CPU
		{3DF52F05-971F-41FA-829C-7B2C4831C843}.Debug|Any CPU.ActiveCfg = Debug|Any CPU
		{3DF52F05-971F-41FA-829C-7B2C4831C843}.Debug|Any CPU.Build.0 = Debug|Any CPU
		{3DF52F05-971F-41FA-829C-7B2C4831C843}.Release|Any CPU.ActiveCfg = Release|Any CPU
		{3DF52F05-971F-41FA-829C-7B2C4831C843}.Release|Any CPU.Build.0 = Release|Any CPU
		{0B0705AA-006C-4F11-BE00-8E2456843719}.Debug|Any CPU.ActiveCfg = Debug|Any CPU
		{0B0705AA-006C-4F11-BE00-8E2456843719}.Debug|Any CPU.Build.0 = Debug|Any CPU
		{0B0705AA-006C-4F11-BE00-8E2456843719}.Release|Any CPU.ActiveCfg = Release|Any CPU
		{0B0705AA-006C-4F11-BE00-8E2456843719}.Release|Any CPU.Build.0 = Release|Any CPU
	EndGlobalSection
	GlobalSection(SolutionProperties) = preSolution
		HideSolutionNode = FALSE
	EndGlobalSection
	GlobalSection(ExtensibilityGlobals) = postSolution
		SolutionGuid = {51B2166C-A904-4112-BE3E-222FDAF03CEF}
	EndGlobalSection
EndGlobal
